
Microsoft Visual Studio Solution File, Format Version 12.00
Project("{FAE04EC0-301F-11D3-BF4B-00C04F79EFBC}") = "unity-project-settings-replacer", "unity-project-settings-replacer\unity-project-settings-replacer.csproj", "{25AB8C7B-B4E7-4009-8A92-9520759B7272}"
EndProject
Global
	GlobalSection(SolutionConfigurationPlatforms) = preSolution
		Debug|Any CPU = Debug|Any CPU
		Release|Any CPU = Release|Any CPU
	EndGlobalSection
	GlobalSection(ProjectConfigurationPlatforms) = postSolution
		{25AB8C7B-B4E7-4009-8A92-9520759B7272}.Debug|Any CPU.ActiveCfg = Debug|Any CPU
		{25AB8C7B-B4E7-4009-8A92-9520759B7272}.Debug|Any CPU.Build.0 = Debug|Any CPU
		{25AB8C7B-B4E7-4009-8A92-9520759B7272}.Release|Any CPU.ActiveCfg = Release|Any CPU
		{25AB8C7B-B4E7-4009-8A92-9520759B7272}.Release|Any CPU.Build.0 = Release|Any CPU
	EndGlobalSection
EndGlobal
